<?xml version="1.0" encoding="utf-8"?>
<Project ToolsVersion="4.0" xmlns="http://schemas.microsoft.com/developer/msbuild/2003">
  <ItemGroup>
    <ClInclude Include="stdafx.h" />
    <ClInclude Include="targetver.h" />
    <ClInclude Include="Test.h" />
    <ClInclude Include="MinimalTreeBuilder.h" />
  </ItemGroup>
  <ItemGroup>
    <ClCompile Include="stdafx.cpp" />
    <ClCompile Include="TestDriver.cpp" />
    <ClCompile Include="TestNode.cpp" />
    <ClCompile Include="TestBTree.cpp" />
    <ClCompile Include="TestFileTable.cpp" />
    <ClCompile Include="TestIntervalSequence.cpp" />
    <ClCompile Include="TestFile.cpp" />
    <ClCompile Include="TestFreeStore.cpp" />
    <ClCompile Include="TestCacheManager.cpp" />
    <ClCompile Include="TestTypedCacheManager.cpp" />
    <ClCompile Include="TestDirectoryStructure.cpp" />
    <ClCompile Include="TestDirectoryObjects.cpp" />
    <ClCompile Include="TestFileSystem.cpp" />
    <ClCompile Include="TestPath.cpp" />
    <ClCompile Include="TestLogPage.cpp" />
    <ClCompile Include="TestLock.cpp" />
    <ClCompile Include="TestFileSharedMutex.cpp" />
    <ClCompile Include="TestLockProtocol.cpp" />
    <ClCompile Include="TestCommitHandler.cpp" />
    <ClCompile Include="TestPageMetaData.cpp" />
    <ClCompile Include="TestReadOnlyFile.cpp" />
    <ClCompile Include="TestMemoryFile.cpp" />
    <ClCompile Include="TestPageAllocator.cpp" />
  </ItemGroup>
</Project>