
Microsoft Visual Studio Solution File, Format Version 12.00
# Visual Studio 2012
Project("{8BC9CEB8-8B4A-11D0-8D11-00A0C91BC942}") = "CompountFs", "CompountFs\CompountFs.vcxproj", "{72185D7D-E827-4AC6-AF48-11BA654C2006}"
EndProject
Project("{8BC9CEB8-8B4A-11D0-8D11-00A0C91BC942}") = "TestDriver", "TestDriver\TestDriver.vcxproj", "{52DCA9AC-D6F2-4CF9-A194-CA57E5206FB3}"
EndProject
Global
	GlobalSection(SolutionConfigurationPlatforms) = preSolution
		Debug|Win32 = Debug|Win32
		Release|Win32 = Release|Win32
	EndGlobalSection
	GlobalSection(ProjectConfigurationPlatforms) = postSolution
		{72185D7D-E827-4AC6-AF48-11BA654C2006}.Debug|Win32.ActiveCfg = Debug|Win32
		{72185D7D-E827-4AC6-AF48-11BA654C2006}.Debug|Win32.Build.0 = Debug|Win32
		{72185D7D-E827-4AC6-AF48-11BA654C2006}.Release|Win32.ActiveCfg = Release|Win32
		{72185D7D-E827-4AC6-AF48-11BA654C2006}.Release|Win32.Build.0 = Release|Win32
		{52DCA9AC-D6F2-4CF9-A194-CA57E5206FB3}.Debug|Win32.ActiveCfg = Debug|Win32
		{52DCA9AC-D6F2-4CF9-A194-CA57E5206FB3}.Debug|Win32.Build.0 = Debug|Win32
		{52DCA9AC-D6F2-4CF9-A194-CA57E5206FB3}.Release|Win32.ActiveCfg = Release|Win32
		{52DCA9AC-D6F2-4CF9-A194-CA57E5206FB3}.Release|Win32.Build.0 = Release|Win32
	EndGlobalSection
	GlobalSection(SolutionProperties) = preSolution
		HideSolutionNode = FALSE
	EndGlobalSection
EndGlobal
