<?xml version="1.0" encoding="utf-8"?>
<Project ToolsVersion="4.0" xmlns="http://schemas.microsoft.com/developer/msbuild/2003">
  <ItemGroup>
    <ClInclude Include="BTree.h" />
    <ClInclude Include="CacheManager.h" />
    <ClInclude Include="FileDescriptor.h" />
    <ClInclude Include="FileTable.h" />
    <ClInclude Include="FreeStore.h" />
    <ClInclude Include="InnerNode.h" />
    <ClInclude Include="Interval.h" />
    <ClInclude Include="IntervalSequence.h" />
    <ClInclude Include="Leaf.h" />
    <ClInclude Include="Node.h" />
    <ClInclude Include="PageAllocator.h" />
    <ClInclude Include="PageDef.h" />
    <ClInclude Include="TypedCacheManager.h" />
    <ClInclude Include="RawFileInterface.h" />
    <ClInclude Include="DirectoryStructure.h" />
    <ClInclude Include="FileReader.h" />
    <ClInclude Include="FileWriter.h" />
    <ClInclude Include="ByteString.h" />
    <ClInclude Include="DirectoryObjects.h" />
    <ClInclude Include="FileSystem.h" />
    <ClInclude Include="Path.h" />
    <ClInclude Include="LogPage.h" />
    <ClInclude Include="Lock.h" />
    <ClInclude Include="FileSharedMutex.h" />
    <ClInclude Include="LockProtocol.h" />
    <ClInclude Include="MemoryFile.h" />
    <ClInclude Include="CommitHandler.h" />
    <ClInclude Include="PageMetaData.h" />
    <ClInclude Include="Cache.h" />
  </ItemGroup>
  <ItemGroup>
    <ClCompile Include="BTree.cpp" />
    <ClCompile Include="CacheManager.cpp" />
    <ClCompile Include="PageAllocator.cpp" />
    <ClCompile Include="DirectoryStructure.cpp" />
    <ClCompile Include="DirectoryObjects.cpp" />
    <ClCompile Include="FileSystem.cpp" />
    <ClCompile Include="Path.cpp" />
    <ClCompile Include="FileSharedMutex.cpp" />
    <ClCompile Include="MemoryFile.cpp" />
    <ClCompile Include="CommitHandler.cpp" />
  </ItemGroup>
  <ItemGroup>
    <Natvis Include="TxFs.natvis" />
  </ItemGroup>
</Project>